
Microsoft Visual Studio Solution File, Format Version 12.00
# Visual Studio Version 16
VisualStudioVersion = 16.0.30309.148
MinimumVisualStudioVersion = 10.0.40219.1
Project("{FAE04EC0-301F-11D3-BF4B-00C04F79EFBC}") = "SalesWebMvc", "SalesWebMvc\SalesWebMvc.csproj", "{672E95E9-E86D-4E35-9B3B-25AE208B8A25}"
EndProject
Global
	GlobalSection(SolutionConfigurationPlatforms) = preSolution
		Debug|Any CPU = Debug|Any CPU
		Release|Any CPU = Release|Any CPU
	EndGlobalSection
	GlobalSection(ProjectConfigurationPlatforms) = postSolution
		{672E95E9-E86D-4E35-9B3B-25AE208B8A25}.Debug|Any CPU.ActiveCfg = Debug|Any CPU
		{672E95E9-E86D-4E35-9B3B-25AE208B8A25}.Debug|Any CPU.Build.0 = Debug|Any CPU
		{672E95E9-E86D-4E35-9B3B-25AE208B8A25}.Release|Any CPU.ActiveCfg = Release|Any CPU
		{672E95E9-E86D-4E35-9B3B-25AE208B8A25}.Release|Any CPU.Build.0 = Release|Any CPU
	EndGlobalSection
	GlobalSection(SolutionProperties) = preSolution
		HideSolutionNode = FALSE
	EndGlobalSection
	GlobalSection(ExtensibilityGlobals) = postSolution
		SolutionGuid = {B9AF8F17-827C-4503-A20A-0A9C88FF91CB}
	EndGlobalSection
EndGlobal
